
Microsoft Visual Studio Solution File, Format Version 12.00
# Visual Studio Version 17
VisualStudioVersion = 17.9.34728.123
MinimumVisualStudioVersion = 10.0.40219.1
Project("{FAE04EC0-301F-11D3-BF4B-00C04F79EFBC}") = "forloopiga", "forloopiga.csproj", "{6F7C02EF-B5B5-46C6-9EFC-2D28E593F3FE}"
EndProject
Global
	GlobalSection(SolutionConfigurationPlatforms) = preSolution
		Debug|Any CPU = Debug|Any CPU
		Release|Any CPU = Release|Any CPU
	EndGlobalSection
	GlobalSection(ProjectConfigurationPlatforms) = postSolution
		{6F7C02EF-B5B5-46C6-9EFC-2D28E593F3FE}.Debug|Any CPU.ActiveCfg = Debug|Any CPU
		{6F7C02EF-B5B5-46C6-9EFC-2D28E593F3FE}.Debug|Any CPU.Build.0 = Debug|Any CPU
		{6F7C02EF-B5B5-46C6-9EFC-2D28E593F3FE}.Release|Any CPU.ActiveCfg = Release|Any CPU
		{6F7C02EF-B5B5-46C6-9EFC-2D28E593F3FE}.Release|Any CPU.Build.0 = Release|Any CPU
	EndGlobalSection
	GlobalSection(SolutionProperties) = preSolution
		HideSolutionNode = FALSE
	EndGlobalSection
	GlobalSection(ExtensibilityGlobals) = postSolution
		SolutionGuid = {E4405D3F-6CC3-4ADA-9FBE-019AE57029E5}
	EndGlobalSection
EndGlobal
